
Microsoft Visual Studio Solution File, Format Version 12.00
# Visual Studio Version 17
VisualStudioVersion = 17.6.33801.468
MinimumVisualStudioVersion = 10.0.40219.1
Project("{FAE04EC0-301F-11D3-BF4B-00C04F79EFBC}") = "NUMBER ANALYZER", "NUMBER ANALYZER.csproj", "{96E0433E-3F42-4965-A41E-5109B9F862FB}"
EndProject
Global
	GlobalSection(SolutionConfigurationPlatforms) = preSolution
		Debug|Any CPU = Debug|Any CPU
		Release|Any CPU = Release|Any CPU
	EndGlobalSection
	GlobalSection(ProjectConfigurationPlatforms) = postSolution
		{96E0433E-3F42-4965-A41E-5109B9F862FB}.Debug|Any CPU.ActiveCfg = Debug|Any CPU
		{96E0433E-3F42-4965-A41E-5109B9F862FB}.Debug|Any CPU.Build.0 = Debug|Any CPU
		{96E0433E-3F42-4965-A41E-5109B9F862FB}.Release|Any CPU.ActiveCfg = Release|Any CPU
		{96E0433E-3F42-4965-A41E-5109B9F862FB}.Release|Any CPU.Build.0 = Release|Any CPU
	EndGlobalSection
	GlobalSection(SolutionProperties) = preSolution
		HideSolutionNode = FALSE
	EndGlobalSection
	GlobalSection(ExtensibilityGlobals) = postSolution
		SolutionGuid = {B12503FC-07A0-44FE-9184-71724F5BF882}
	EndGlobalSection
EndGlobal
